
Microsoft Visual Studio Solution File, Format Version 12.00
# Visual Studio 14
VisualStudioVersion = 14.0.24720.0
MinimumVisualStudioVersion = 10.0.40219.1
Project("{FAE04EC0-301F-11D3-BF4B-00C04F79EFBC}") = "UnitTestMultipleWaysOfConcatenatingStrings", "UnitTestStringBuilderVsConcatStringAsUsual\UnitTestMultipleWaysOfConcatenatingStrings.csproj", "{54D64B2B-6307-4FD7-B524-7F850C26F287}"
EndProject
Project("{FAE04EC0-301F-11D3-BF4B-00C04F79EFBC}") = "MultipleWaysOfConcatenatingStrings", "MultiTypeStringBuilderLib\MultipleWaysOfConcatenatingStrings.csproj", "{C30FC2CA-93B8-4F0F-B100-05A5EB9E0A87}"
EndProject
Global
	GlobalSection(SolutionConfigurationPlatforms) = preSolution
		Debug|Any CPU = Debug|Any CPU
		Release|Any CPU = Release|Any CPU
	EndGlobalSection
	GlobalSection(ProjectConfigurationPlatforms) = postSolution
		{54D64B2B-6307-4FD7-B524-7F850C26F287}.Debug|Any CPU.ActiveCfg = Debug|Any CPU
		{54D64B2B-6307-4FD7-B524-7F850C26F287}.Debug|Any CPU.Build.0 = Debug|Any CPU
		{54D64B2B-6307-4FD7-B524-7F850C26F287}.Release|Any CPU.ActiveCfg = Release|Any CPU
		{54D64B2B-6307-4FD7-B524-7F850C26F287}.Release|Any CPU.Build.0 = Release|Any CPU
		{C30FC2CA-93B8-4F0F-B100-05A5EB9E0A87}.Debug|Any CPU.ActiveCfg = Debug|Any CPU
		{C30FC2CA-93B8-4F0F-B100-05A5EB9E0A87}.Debug|Any CPU.Build.0 = Debug|Any CPU
		{C30FC2CA-93B8-4F0F-B100-05A5EB9E0A87}.Release|Any CPU.ActiveCfg = Release|Any CPU
		{C30FC2CA-93B8-4F0F-B100-05A5EB9E0A87}.Release|Any CPU.Build.0 = Release|Any CPU
	EndGlobalSection
	GlobalSection(SolutionProperties) = preSolution
		HideSolutionNode = FALSE
	EndGlobalSection
EndGlobal
